
Microsoft Visual Studio Solution File, Format Version 12.00
# Visual Studio Version 16
VisualStudioVersion = 16.0.30503.244
MinimumVisualStudioVersion = 10.0.40219.1
Project("{FAE04EC0-301F-11D3-BF4B-00C04F79EFBC}") = "WebAppTDD", "WebAppTDD\WebAppTDD.csproj", "{C1871AE4-BD23-456A-BEF0-80B160BB53DB}"
EndProject
Project("{FAE04EC0-301F-11D3-BF4B-00C04F79EFBC}") = "WebAppTDD.Tests", "WebAppTDD.Tests\WebAppTDD.Tests.csproj", "{EB7BF125-7D31-41D7-A452-B147081DAF8C}"
EndProject
Global
	GlobalSection(SolutionConfigurationPlatforms) = preSolution
		Debug|Any CPU = Debug|Any CPU
		Release|Any CPU = Release|Any CPU
	EndGlobalSection
	GlobalSection(ProjectConfigurationPlatforms) = postSolution
		{C1871AE4-BD23-456A-BEF0-80B160BB53DB}.Debug|Any CPU.ActiveCfg = Debug|Any CPU
		{C1871AE4-BD23-456A-BEF0-80B160BB53DB}.Debug|Any CPU.Build.0 = Debug|Any CPU
		{C1871AE4-BD23-456A-BEF0-80B160BB53DB}.Release|Any CPU.ActiveCfg = Release|Any CPU
		{C1871AE4-BD23-456A-BEF0-80B160BB53DB}.Release|Any CPU.Build.0 = Release|Any CPU
		{EB7BF125-7D31-41D7-A452-B147081DAF8C}.Debug|Any CPU.ActiveCfg = Debug|Any CPU
		{EB7BF125-7D31-41D7-A452-B147081DAF8C}.Debug|Any CPU.Build.0 = Debug|Any CPU
		{EB7BF125-7D31-41D7-A452-B147081DAF8C}.Release|Any CPU.ActiveCfg = Release|Any CPU
		{EB7BF125-7D31-41D7-A452-B147081DAF8C}.Release|Any CPU.Build.0 = Release|Any CPU
	EndGlobalSection
	GlobalSection(SolutionProperties) = preSolution
		HideSolutionNode = FALSE
	EndGlobalSection
	GlobalSection(ExtensibilityGlobals) = postSolution
		SolutionGuid = {B49EE48A-27F8-4988-AB0F-A5B2744A51F3}
	EndGlobalSection
EndGlobal
